Microsoft Visual Studio Solution File, Format Version 12.00
# Visual Studio Version 17
VisualStudioVersion = 17.5.2.0
MinimumVisualStudioVersion = 10.0.40219.1
Project("{FAE04EC0-301F-11D3-BF4B-00C04F79EFBC}") = "tarea3_veterinaria", "tarea3_veterinaria.csproj", "{58B3F686-0935-FF4E-B967-1858271402E1}"
EndProject
Global
	GlobalSection(SolutionConfigurationPlatforms) = preSolution
		Debug|Any CPU = Debug|Any CPU
		Release|Any CPU = Release|Any CPU
	EndGlobalSection
	GlobalSection(ProjectConfigurationPlatforms) = postSolution
		{58B3F686-0935-FF4E-B967-1858271402E1}.Debug|Any CPU.ActiveCfg = Debug|Any CPU
		{58B3F686-0935-FF4E-B967-1858271402E1}.Debug|Any CPU.Build.0 = Debug|Any CPU
		{58B3F686-0935-FF4E-B967-1858271402E1}.Release|Any CPU.ActiveCfg = Release|Any CPU
		{58B3F686-0935-FF4E-B967-1858271402E1}.Release|Any CPU.Build.0 = Release|Any CPU
	EndGlobalSection
	GlobalSection(SolutionProperties) = preSolution
		HideSolutionNode = FALSE
	EndGlobalSection
	GlobalSection(ExtensibilityGlobals) = postSolution
		SolutionGuid = {784452AB-7A77-4F66-8C11-3E3105DCF482}
	EndGlobalSection
EndGlobal
